<?xml version="1.0" encoding="utf-8"?>
<Project ToolsVersion="4.0" xmlns="http://schemas.microsoft.com/developer/msbuild/2003">
  <ItemGroup>
    <Filter Include="src">
      <UniqueIdentifier>{56e27430-0722-46e9-a310-d3f9b92d95b6}</UniqueIdentifier>
    </Filter>
  </ItemGroup>
  <ItemGroup>
    <ClCompile Include="..\..\src\ByteArray.cpp">
      <Filter>src</Filter>
    </ClCompile>
    <ClCompile Include="..\..\src\ClassRegistry.cpp">
      <Filter>src</Filter>
    </ClCompile>
    <ClCompile Include="..\..\src\JavaClass.cpp">
      <Filter>src</Filter>
    </ClCompile>
    <ClCompile Include="..\..\src\JavaClassUtils.cpp">
      <Filter>src</Filter>
    </ClCompile>
    <ClCompile Include="..\..\src\JavaExceptionUtils.cpp">
      <Filter>src</Filter>
    </ClCompile>
    <ClCompile Include="..\..\src\JavaString.cpp">
      <Filter>src</Filter>
    </ClCompile>
    <ClCompile Include="..\..\src\JavaStringArray.cpp">
      <Filter>src</Filter>
    </ClCompile>
    <ClCompile Include="..\..\src\JavaThreadUtils.cpp">
      <Filter>src</Filter>
    </ClCompile>
    <ClCompile Include="..\..\src\JniHelpers.cpp">
      <Filter>src</Filter>
    </ClCompile>
    <ClCompile Include="..\..\src\NativeObject.cpp">
      <Filter>src</Filter>
    </ClCompile>
    <ClCompile Include="..\..\src\ShortArray.cpp">
      <Filter>src</Filter>
    </ClCompile>
    <ClCompile Include="..\..\src\ScopedJstring.cpp">
      <Filter>src</Filter>
    </ClCompile>
  </ItemGroup>
  <ItemGroup>
    <ClInclude Include="..\..\src\ByteArray.h">
      <Filter>src</Filter>
    </ClInclude>
    <ClInclude Include="..\..\src\ClassRegistry.h">
      <Filter>src</Filter>
    </ClInclude>
    <ClInclude Include="..\..\src\JavaClass.h">
      <Filter>src</Filter>
    </ClInclude>
    <ClInclude Include="..\..\src\JavaClassUtils.h">
      <Filter>src</Filter>
    </ClInclude>
    <ClInclude Include="..\..\src\JavaExceptionUtils.h">
      <Filter>src</Filter>
    </ClInclude>
    <ClInclude Include="..\..\src\JavaString.h">
      <Filter>src</Filter>
    </ClInclude>
    <ClInclude Include="..\..\src\JavaStringArray.h">
      <Filter>src</Filter>
    </ClInclude>
    <ClInclude Include="..\..\src\JavaThreadUtils.h">
      <Filter>src</Filter>
    </ClInclude>
    <ClInclude Include="..\..\src\JniGlobalRef.h">
      <Filter>src</Filter>
    </ClInclude>
    <ClInclude Include="..\..\src\JniHelpers.h">
      <Filter>src</Filter>
    </ClInclude>
    <ClInclude Include="..\..\src\JniHelpersCommon.h">
      <Filter>src</Filter>
    </ClInclude>
    <ClInclude Include="..\..\src\JniLocalRef.h">
      <Filter>src</Filter>
    </ClInclude>
    <ClInclude Include="..\..\src\JniTypes.h">
      <Filter>src</Filter>
    </ClInclude>
    <ClInclude Include="..\..\src\JniWeakGlobalRef.h">
      <Filter>src</Filter>
    </ClInclude>
    <ClInclude Include="..\..\src\NativeObject.h">
      <Filter>src</Filter>
    </ClInclude>
    <ClInclude Include="..\..\src\ScopedPtr.h">
      <Filter>src</Filter>
    </ClInclude>
    <ClInclude Include="..\..\src\ShortArray.h">
      <Filter>src</Filter>
    </ClInclude>
    <ClInclude Include="..\..\src\ScopedJstring.h">
      <Filter>src</Filter>
    </ClInclude>
  </ItemGroup>
</Project>